
Microsoft Visual Studio Solution File, Format Version 12.00
# Visual Studio Version 17
VisualStudioVersion = 17.5.33414.496
MinimumVisualStudioVersion = 10.0.40219.1
Project("{9A19103F-16F7-4668-BE54-9A1E7A4F7556}") = "web-api-cosmetics-shop", "web-api-cosmetics-shop.csproj", "{F5DFB815-DE53-43FE-AAB8-FF1E644CDA2E}"
EndProject
Global
	GlobalSection(SolutionConfigurationPlatforms) = preSolution
		Debug|Any CPU = Debug|Any CPU
		Release|Any CPU = Release|Any CPU
	EndGlobalSection
	GlobalSection(ProjectConfigurationPlatforms) = postSolution
		{F5DFB815-DE53-43FE-AAB8-FF1E644CDA2E}.Debug|Any CPU.ActiveCfg = Debug|Any CPU
		{F5DFB815-DE53-43FE-AAB8-FF1E644CDA2E}.Debug|Any CPU.Build.0 = Debug|Any CPU
		{F5DFB815-DE53-43FE-AAB8-FF1E644CDA2E}.Release|Any CPU.ActiveCfg = Release|Any CPU
		{F5DFB815-DE53-43FE-AAB8-FF1E644CDA2E}.Release|Any CPU.Build.0 = Release|Any CPU
	EndGlobalSection
	GlobalSection(SolutionProperties) = preSolution
		HideSolutionNode = FALSE
	EndGlobalSection
	GlobalSection(ExtensibilityGlobals) = postSolution
		SolutionGuid = {DA68DAA1-1A01-4E5B-8B37-FC540CECFAA7}
	EndGlobalSection
EndGlobal
